
Microsoft Visual Studio Solution File, Format Version 12.00
# Visual Studio 15
VisualStudioVersion = 15.0.28307.271
MinimumVisualStudioVersion = 10.0.40219.1
Project("{FAE04EC0-301F-11D3-BF4B-00C04F79EFBC}") = "PETA-ICT11A-Group2", "PETA-ICT11A-Group2\PETA-ICT11A-Group2.csproj", "{30FA306F-D317-49B2-8706-770B4990155A}"
EndProject
Global
	GlobalSection(SolutionConfigurationPlatforms) = preSolution
		Debug|Any CPU = Debug|Any CPU
		Release|Any CPU = Release|Any CPU
	EndGlobalSection
	GlobalSection(ProjectConfigurationPlatforms) = postSolution
		{30FA306F-D317-49B2-8706-770B4990155A}.Debug|Any CPU.ActiveCfg = Debug|Any CPU
		{30FA306F-D317-49B2-8706-770B4990155A}.Debug|Any CPU.Build.0 = Debug|Any CPU
		{30FA306F-D317-49B2-8706-770B4990155A}.Release|Any CPU.ActiveCfg = Release|Any CPU
		{30FA306F-D317-49B2-8706-770B4990155A}.Release|Any CPU.Build.0 = Release|Any CPU
	EndGlobalSection
	GlobalSection(SolutionProperties) = preSolution
		HideSolutionNode = FALSE
	EndGlobalSection
	GlobalSection(ExtensibilityGlobals) = postSolution
		SolutionGuid = {5F2976C0-9177-4B9A-8BFD-81BAE454ED35}
	EndGlobalSection
EndGlobal
